{
  "nodes": {
    "disko": {
      "inputs": {
        "nixpkgs": [
          "nixpkgs"
        ]
      },
      "locked": {
        "lastModified": 1766150702,
        "narHash": "sha256-P0kM+5o+DKnB6raXgFEk3azw8Wqg5FL6wyl9jD+G5a4=",
        "owner": "nix-community",
        "repo": "disko",
        "rev": "916506443ecd0d0b4a0f4cf9d40a3c22ce39b378",
        "type": "github"
      },
      "original": {
        "owner": "nix-community",
        "repo": "disko",
        "type": "github"
      }
    },
    "nixpkgs": {
      "locked": {
        "lastModified": 1766902085,
        "narHash": "sha256-coBu0ONtFzlwwVBzmjacUQwj3G+lybcZ1oeNSQkgC0M=",
        "owner": "NixOS",
        "repo": "nixpkgs",
        "rev": "c0b0e0fddf73fd517c3471e546c0df87a42d53f4",
        "type": "github"
      },
      "original": {
        "owner": "NixOS",
        "ref": "nixos-unstable",
        "repo": "nixpkgs",
        "type": "github"
      }
    },
    "root": {
      "inputs": {
        "disko": "disko",
        "nixpkgs": "nixpkgs",
        "secrets": "secrets"
      }
    },
    "secrets": {
      "flake": false,
      "locked": {
        "lastModified": 1767102788,
        "narHash": "sha256-a5+naSj9DeBqlHUfHRxeVjpbBNWt3pnQijkSR2aQdm8=",
        "ref": "refs/heads/main",
        "rev": "13dbdae266fb513d593626ccc91e390723c9d52f",
        "revCount": 78,
        "type": "git",
        "url": "ssh://git@github.com/zenqy/nixos-secrets"
      },
      "original": {
        "type": "git",
        "url": "ssh://git@github.com/zenqy/nixos-secrets"
      }
    }
  },
  "root": "root",
  "version": 7
}
